
Microsoft Visual Studio Solution File, Format Version 12.00
# Visual Studio Version 16
VisualStudioVersion = 16.0.30114.105
MinimumVisualStudioVersion = 10.0.40219.1
Project("{FAE04EC0-301F-11D3-BF4B-00C04F79EFBC}") = "BookingHelper", "BookingHelper\BookingHelper.csproj", "{96795F4B-1E15-4BD7-B52A-3F269826E845}"
EndProject
Project("{FAE04EC0-301F-11D3-BF4B-00C04F79EFBC}") = "BookingHelperTests", "BookingHelperTests\BookingHelperTests.csproj", "{0217A15C-D14E-4E3F-BB0B-3B58703EC792}"
EndProject
Global
	GlobalSection(SolutionConfigurationPlatforms) = preSolution
		Debug|Any CPU = Debug|Any CPU
		Release|Any CPU = Release|Any CPU
	EndGlobalSection
	GlobalSection(SolutionProperties) = preSolution
		HideSolutionNode = FALSE
	EndGlobalSection
	GlobalSection(ProjectConfigurationPlatforms) = postSolution
		{96795F4B-1E15-4BD7-B52A-3F269826E845}.Debug|Any CPU.ActiveCfg = Debug|Any CPU
		{96795F4B-1E15-4BD7-B52A-3F269826E845}.Debug|Any CPU.Build.0 = Debug|Any CPU
		{96795F4B-1E15-4BD7-B52A-3F269826E845}.Release|Any CPU.ActiveCfg = Release|Any CPU
		{96795F4B-1E15-4BD7-B52A-3F269826E845}.Release|Any CPU.Build.0 = Release|Any CPU
		{0217A15C-D14E-4E3F-BB0B-3B58703EC792}.Debug|Any CPU.ActiveCfg = Debug|Any CPU
		{0217A15C-D14E-4E3F-BB0B-3B58703EC792}.Debug|Any CPU.Build.0 = Debug|Any CPU
		{0217A15C-D14E-4E3F-BB0B-3B58703EC792}.Release|Any CPU.ActiveCfg = Release|Any CPU
		{0217A15C-D14E-4E3F-BB0B-3B58703EC792}.Release|Any CPU.Build.0 = Release|Any CPU
	EndGlobalSection
EndGlobal
