
Microsoft Visual Studio Solution File, Format Version 12.00
# Visual Studio Version 17
VisualStudioVersion = 17.0.31903.59
MinimumVisualStudioVersion = 10.0.40219.1
Project("{9A19103F-16F7-4668-BE54-9A1E7A4F7556}") = "FA.JustBlog.Core", "FA.JustBlog.Core\FA.JustBlog.Core.csproj", "{023925C4-7A5A-4229-A026-3553D62D72D8}"
EndProject
Project("{9A19103F-16F7-4668-BE54-9A1E7A4F7556}") = "FA.JustBlog", "FA.JustBlog\FA.JustBlog.csproj", "{A1A146F5-588C-4456-A38E-B65EFA537116}"
EndProject
Project("{9A19103F-16F7-4668-BE54-9A1E7A4F7556}") = "FA.JustBlog.Services", "FA.JustBlog.Services\FA.JustBlog.Services.csproj", "{506CF77E-3E0D-482A-A748-42EDB4CCE88F}"
EndProject
Project("{FAE04EC0-301F-11D3-BF4B-00C04F79EFBC}") = "FA.JustBlog.ViewModels", "FA.JustBlog.ViewModels\FA.JustBlog.ViewModels.csproj", "{BDAD4C62-73AE-40FF-B9AF-97358808ACC3}"
EndProject
Global
	GlobalSection(SolutionConfigurationPlatforms) = preSolution
		Debug|Any CPU = Debug|Any CPU
		Release|Any CPU = Release|Any CPU
	EndGlobalSection
	GlobalSection(ProjectConfigurationPlatforms) = postSolution
		{023925C4-7A5A-4229-A026-3553D62D72D8}.Debug|Any CPU.ActiveCfg = Debug|Any CPU
		{023925C4-7A5A-4229-A026-3553D62D72D8}.Debug|Any CPU.Build.0 = Debug|Any CPU
		{023925C4-7A5A-4229-A026-3553D62D72D8}.Release|Any CPU.ActiveCfg = Release|Any CPU
		{023925C4-7A5A-4229-A026-3553D62D72D8}.Release|Any CPU.Build.0 = Release|Any CPU
		{A1A146F5-588C-4456-A38E-B65EFA537116}.Debug|Any CPU.ActiveCfg = Debug|Any CPU
		{A1A146F5-588C-4456-A38E-B65EFA537116}.Debug|Any CPU.Build.0 = Debug|Any CPU
		{A1A146F5-588C-4456-A38E-B65EFA537116}.Release|Any CPU.ActiveCfg = Release|Any CPU
		{A1A146F5-588C-4456-A38E-B65EFA537116}.Release|Any CPU.Build.0 = Release|Any CPU
		{506CF77E-3E0D-482A-A748-42EDB4CCE88F}.Debug|Any CPU.ActiveCfg = Debug|Any CPU
		{506CF77E-3E0D-482A-A748-42EDB4CCE88F}.Debug|Any CPU.Build.0 = Debug|Any CPU
		{506CF77E-3E0D-482A-A748-42EDB4CCE88F}.Release|Any CPU.ActiveCfg = Release|Any CPU
		{506CF77E-3E0D-482A-A748-42EDB4CCE88F}.Release|Any CPU.Build.0 = Release|Any CPU
		{BDAD4C62-73AE-40FF-B9AF-97358808ACC3}.Debug|Any CPU.ActiveCfg = Debug|Any CPU
		{BDAD4C62-73AE-40FF-B9AF-97358808ACC3}.Debug|Any CPU.Build.0 = Debug|Any CPU
		{BDAD4C62-73AE-40FF-B9AF-97358808ACC3}.Release|Any CPU.ActiveCfg = Release|Any CPU
		{BDAD4C62-73AE-40FF-B9AF-97358808ACC3}.Release|Any CPU.Build.0 = Release|Any CPU
	EndGlobalSection
	GlobalSection(SolutionProperties) = preSolution
		HideSolutionNode = FALSE
	EndGlobalSection
	GlobalSection(ExtensibilityGlobals) = postSolution
		SolutionGuid = {CD2CFD2D-A1B2-46B1-882A-40FB52A64B1C}
	EndGlobalSection
EndGlobal
