
Microsoft Visual Studio Solution File, Format Version 12.00
# Visual Studio Version 17
VisualStudioVersion = 17.2.32630.192
MinimumVisualStudioVersion = 10.0.40219.1
Project("{FAE04EC0-301F-11D3-BF4B-00C04F79EFBC}") = "NPL.M.A005.Exercise1", "NPL.M.A005.Exercise1\NPL.M.A005.Exercise1.csproj", "{7B25F97C-BF5E-4C08-BA51-53C91D3F05FE}"
EndProject
Project("{FAE04EC0-301F-11D3-BF4B-00C04F79EFBC}") = "NPL.M.A005.Exercise2", "NPL.M.A005.Exercise2\NPL.M.A005.Exercise2.csproj", "{6538D95D-68B7-444C-BF2E-7B2443B89057}"
EndProject
Project("{FAE04EC0-301F-11D3-BF4B-00C04F79EFBC}") = "NPL.M.A005.Exercise3", "NPL.M.A005.Exercise3\NPL.M.A005.Exercise3.csproj", "{6742830D-E241-4A04-8FBB-09B060BAC540}"
EndProject
Global
	GlobalSection(SolutionConfigurationPlatforms) = preSolution
		Debug|Any CPU = Debug|Any CPU
		Release|Any CPU = Release|Any CPU
	EndGlobalSection
	GlobalSection(ProjectConfigurationPlatforms) = postSolution
		{7B25F97C-BF5E-4C08-BA51-53C91D3F05FE}.Debug|Any CPU.ActiveCfg = Debug|Any CPU
		{7B25F97C-BF5E-4C08-BA51-53C91D3F05FE}.Debug|Any CPU.Build.0 = Debug|Any CPU
		{7B25F97C-BF5E-4C08-BA51-53C91D3F05FE}.Release|Any CPU.ActiveCfg = Release|Any CPU
		{7B25F97C-BF5E-4C08-BA51-53C91D3F05FE}.Release|Any CPU.Build.0 = Release|Any CPU
		{6538D95D-68B7-444C-BF2E-7B2443B89057}.Debug|Any CPU.ActiveCfg = Debug|Any CPU
		{6538D95D-68B7-444C-BF2E-7B2443B89057}.Debug|Any CPU.Build.0 = Debug|Any CPU
		{6538D95D-68B7-444C-BF2E-7B2443B89057}.Release|Any CPU.ActiveCfg = Release|Any CPU
		{6538D95D-68B7-444C-BF2E-7B2443B89057}.Release|Any CPU.Build.0 = Release|Any CPU
		{6742830D-E241-4A04-8FBB-09B060BAC540}.Debug|Any CPU.ActiveCfg = Debug|Any CPU
		{6742830D-E241-4A04-8FBB-09B060BAC540}.Debug|Any CPU.Build.0 = Debug|Any CPU
		{6742830D-E241-4A04-8FBB-09B060BAC540}.Release|Any CPU.ActiveCfg = Release|Any CPU
		{6742830D-E241-4A04-8FBB-09B060BAC540}.Release|Any CPU.Build.0 = Release|Any CPU
	EndGlobalSection
	GlobalSection(SolutionProperties) = preSolution
		HideSolutionNode = FALSE
	EndGlobalSection
	GlobalSection(ExtensibilityGlobals) = postSolution
		SolutionGuid = {00E93489-FB28-409F-A49E-96003A0E6E8F}
	EndGlobalSection
EndGlobal
