
Microsoft Visual Studio Solution File, Format Version 12.00
# Visual Studio 15
VisualStudioVersion = 15.0.28307.779
MinimumVisualStudioVersion = 10.0.40219.1
Project("{FAE04EC0-301F-11D3-BF4B-00C04F79EFBC}") = "CSharpSOLIDExample", "CSharpSOLIDExample\CSharpSOLIDExample.csproj", "{DB9C58DF-608D-4C60-AFD0-E476DD43ECD4}"
EndProject
Global
	GlobalSection(SolutionConfigurationPlatforms) = preSolution
		Debug|Any CPU = Debug|Any CPU
		Release|Any CPU = Release|Any CPU
	EndGlobalSection
	GlobalSection(ProjectConfigurationPlatforms) = postSolution
		{DB9C58DF-608D-4C60-AFD0-E476DD43ECD4}.Debug|Any CPU.ActiveCfg = Debug|Any CPU
		{DB9C58DF-608D-4C60-AFD0-E476DD43ECD4}.Debug|Any CPU.Build.0 = Debug|Any CPU
		{DB9C58DF-608D-4C60-AFD0-E476DD43ECD4}.Release|Any CPU.ActiveCfg = Release|Any CPU
		{DB9C58DF-608D-4C60-AFD0-E476DD43ECD4}.Release|Any CPU.Build.0 = Release|Any CPU
	EndGlobalSection
	GlobalSection(SolutionProperties) = preSolution
		HideSolutionNode = FALSE
	EndGlobalSection
	GlobalSection(ExtensibilityGlobals) = postSolution
		SolutionGuid = {7D9D59CB-5A41-4B52-A440-9591AECB39E7}
	EndGlobalSection
EndGlobal
