
Microsoft Visual Studio Solution File, Format Version 12.00
# Visual Studio Version 17
VisualStudioVersion = 17.2.32630.192
MinimumVisualStudioVersion = 10.0.40219.1
Project("{FAE04EC0-301F-11D3-BF4B-00C04F79EFBC}") = "NPL.M.A002.Exercise1", "NPL.M.A002.Exercise1\NPL.M.A002.Exercise1.csproj", "{57DD69DC-360B-4937-8844-A8955FCA8235}"
EndProject
Project("{FAE04EC0-301F-11D3-BF4B-00C04F79EFBC}") = "NPL.M.A002.Exercise2", "NPL.M.A002.Exercise2\NPL.M.A002.Exercise2.csproj", "{56806B5C-0171-4AB2-A3BB-92D17374EB91}"
EndProject
Project("{FAE04EC0-301F-11D3-BF4B-00C04F79EFBC}") = "NPL.M.A002.Exercise3", "NPL.M.A002.Exercise3\NPL.M.A002.Exercise3.csproj", "{67F55855-7FCF-4E0A-B369-C35419837CD9}"
EndProject
Global
	GlobalSection(SolutionConfigurationPlatforms) = preSolution
		Debug|Any CPU = Debug|Any CPU
		Release|Any CPU = Release|Any CPU
	EndGlobalSection
	GlobalSection(ProjectConfigurationPlatforms) = postSolution
		{57DD69DC-360B-4937-8844-A8955FCA8235}.Debug|Any CPU.ActiveCfg = Debug|Any CPU
		{57DD69DC-360B-4937-8844-A8955FCA8235}.Debug|Any CPU.Build.0 = Debug|Any CPU
		{57DD69DC-360B-4937-8844-A8955FCA8235}.Release|Any CPU.ActiveCfg = Release|Any CPU
		{57DD69DC-360B-4937-8844-A8955FCA8235}.Release|Any CPU.Build.0 = Release|Any CPU
		{56806B5C-0171-4AB2-A3BB-92D17374EB91}.Debug|Any CPU.ActiveCfg = Debug|Any CPU
		{56806B5C-0171-4AB2-A3BB-92D17374EB91}.Debug|Any CPU.Build.0 = Debug|Any CPU
		{56806B5C-0171-4AB2-A3BB-92D17374EB91}.Release|Any CPU.ActiveCfg = Release|Any CPU
		{56806B5C-0171-4AB2-A3BB-92D17374EB91}.Release|Any CPU.Build.0 = Release|Any CPU
		{67F55855-7FCF-4E0A-B369-C35419837CD9}.Debug|Any CPU.ActiveCfg = Debug|Any CPU
		{67F55855-7FCF-4E0A-B369-C35419837CD9}.Debug|Any CPU.Build.0 = Debug|Any CPU
		{67F55855-7FCF-4E0A-B369-C35419837CD9}.Release|Any CPU.ActiveCfg = Release|Any CPU
		{67F55855-7FCF-4E0A-B369-C35419837CD9}.Release|Any CPU.Build.0 = Release|Any CPU
	EndGlobalSection
	GlobalSection(SolutionProperties) = preSolution
		HideSolutionNode = FALSE
	EndGlobalSection
	GlobalSection(ExtensibilityGlobals) = postSolution
		SolutionGuid = {0007DC8F-9B25-40A6-9CC1-DB9009AB08BB}
	EndGlobalSection
EndGlobal
